// !$*UTF8*$!
{
	archiveVersion = 1;
	classes = {
	};
	objectVersion = 56;
	objects = {

/* Begin PBXBuildFile section */
		AF03C9102BC62267003E85F2 /* GetGame.swift in Sources */ = {isa = PBXBuildFile; fileRef = AF03C90F2BC62267003E85F2 /* GetGame.swift */; };
		AF03C9122BC6238D003E85F2 /* RoundSummaryView.swift in Sources */ = {isa = PBXBuildFile; fileRef = AF03C9112BC6238D003E85F2 /* RoundSummaryView.swift */; };
		AF03C9142BC6242D003E85F2 /* PlayersView.swift in Sources */ = {isa = PBXBuildFile; fileRef = AF03C9132BC6242D003E85F2 /* PlayersView.swift */; };
		AF03C9162BC6250F003E85F2 /* PlayerView.swift in Sources */ = {isa = PBXBuildFile; fileRef = AF03C9152BC6250F003E85F2 /* PlayerView.swift */; };
		AF044D402BC5133200CAA28B /* myHockeyApp.swift in Sources */ = {isa = PBXBuildFile; fileRef = AF044D3F2BC5133200CAA28B /* myHockeyApp.swift */; };
		AF044D422BC5133200CAA28B /* ContentView.swift in Sources */ = {isa = PBXBuildFile; fileRef = AF044D412BC5133200CAA28B /* ContentView.swift */; };
		AF044D442BC5133300CAA28B /* Assets.xcassets in Resources */ = {isa = PBXBuildFile; fileRef = AF044D432BC5133300CAA28B /* Assets.xcassets */; };
		AF044D472BC5133300CAA28B /* Preview Assets.xcassets in Resources */ = {isa = PBXBuildFile; fileRef = AF044D462BC5133300CAA28B /* Preview Assets.xcassets */; };
		AF044D502BC5148C00CAA28B /* SharedData.swift in Sources */ = {isa = PBXBuildFile; fileRef = AF044D4F2BC5148C00CAA28B /* SharedData.swift */; };
		AF044D522BC514C600CAA28B /* FixtureView.swift in Sources */ = {isa = PBXBuildFile; fileRef = AF044D512BC514C600CAA28B /* FixtureView.swift */; };
		AF044D542BC514DB00CAA28B /* LadderView.swift in Sources */ = {isa = PBXBuildFile; fileRef = AF044D532BC514DB00CAA28B /* LadderView.swift */; };
		AF044D562BC514ED00CAA28B /* RoundView.swift in Sources */ = {isa = PBXBuildFile; fileRef = AF044D552BC514ED00CAA28B /* RoundView.swift */; };
		AF044D582BC5150700CAA28B /* StatisticsView.swift in Sources */ = {isa = PBXBuildFile; fileRef = AF044D572BC5150700CAA28B /* StatisticsView.swift */; };
		AF044D5A2BC5151900CAA28B /* SetTeamView.swift in Sources */ = {isa = PBXBuildFile; fileRef = AF044D592BC5151900CAA28B /* SetTeamView.swift */; };
		AF044D5C2BC51D1D00CAA28B /* TeamsManager.swift in Sources */ = {isa = PBXBuildFile; fileRef = AF044D5B2BC51D1D00CAA28B /* TeamsManager.swift */; };
		AF044D602BC51D7100CAA28B /* CurrentTeamsView.swift in Sources */ = {isa = PBXBuildFile; fileRef = AF044D5F2BC51D7100CAA28B /* CurrentTeamsView.swift */; };
		AF044D622BC51DA000CAA28B /* GetCompsView.swift in Sources */ = {isa = PBXBuildFile; fileRef = AF044D612BC51DA000CAA28B /* GetCompsView.swift */; };
		AF044D642BC51DBF00CAA28B /* GetTeamsView.swift in Sources */ = {isa = PBXBuildFile; fileRef = AF044D632BC51DBF00CAA28B /* GetTeamsView.swift */; };
		AF044D672BC51DE500CAA28B /* GetComps.swift in Sources */ = {isa = PBXBuildFile; fileRef = AF044D662BC51DE500CAA28B /* GetComps.swift */; };
		AF044D692BC51E0E00CAA28B /* GetURL.swift in Sources */ = {isa = PBXBuildFile; fileRef = AF044D682BC51E0E00CAA28B /* GetURL.swift */; };
		AF044D6B2BC51E4000CAA28B /* General.swift in Sources */ = {isa = PBXBuildFile; fileRef = AF044D6A2BC51E4000CAA28B /* General.swift */; };
		AF38323E2BC52D5300F7E63B /* GetTeams.swift in Sources */ = {isa = PBXBuildFile; fileRef = AF38323D2BC52D5300F7E63B /* GetTeams.swift */; };
		AF3832402BC52DCF00F7E63B /* Clubs.swift in Sources */ = {isa = PBXBuildFile; fileRef = AF38323F2BC52DCF00F7E63B /* Clubs.swift */; };
		AF5B7D892BC69719003F6856 /* DetailHeaderStatsView.swift in Sources */ = {isa = PBXBuildFile; fileRef = AF5B7D882BC69719003F6856 /* DetailHeaderStatsView.swift */; };
		AF5B7D8B2BC6983E003F6856 /* DetailStatsView.swift in Sources */ = {isa = PBXBuildFile; fileRef = AF5B7D8A2BC6983E003F6856 /* DetailStatsView.swift */; };
		AF5B7D8D2BC6987C003F6856 /* GetPlayerStats.swift in Sources */ = {isa = PBXBuildFile; fileRef = AF5B7D8C2BC6987C003F6856 /* GetPlayerStats.swift */; };
		AF5C71BE2BC5758700C824C9 /* Fixtures.swift in Sources */ = {isa = PBXBuildFile; fileRef = AF5C71BD2BC5758700C824C9 /* Fixtures.swift */; };
		AF5C71C02BC575C700C824C9 /* Rounds.swift in Sources */ = {isa = PBXBuildFile; fileRef = AF5C71BF2BC575C700C824C9 /* Rounds.swift */; };
		AF5C71C22BC575F000C824C9 /* Players.swift in Sources */ = {isa = PBXBuildFile; fileRef = AF5C71C12BC575F000C824C9 /* Players.swift */; };
		AF5C71C42BC576A800C824C9 /* CenterTextView.swift in Sources */ = {isa = PBXBuildFile; fileRef = AF5C71C32BC576A800C824C9 /* CenterTextView.swift */; };
		AF5C71C62BC5771A00C824C9 /* GetFixtures.swift in Sources */ = {isa = PBXBuildFile; fileRef = AF5C71C52BC5771A00C824C9 /* GetFixtures.swift */; };
		AF5C71C82BC5778000C824C9 /* FixtureSelectionView.swift in Sources */ = {isa = PBXBuildFile; fileRef = AF5C71C72BC5778000C824C9 /* FixtureSelectionView.swift */; };
		AF5C71CA2BC5779200C824C9 /* FixtureListView.swift in Sources */ = {isa = PBXBuildFile; fileRef = AF5C71C92BC5779200C824C9 /* FixtureListView.swift */; };
		AFB0CF392BC77DC300D81ED3 /* NoGameView.swift in Sources */ = {isa = PBXBuildFile; fileRef = AFB0CF382BC77DC300D81ED3 /* NoGameView.swift */; };
		AFB0CF3B2BC77EC800D81ED3 /* GameView.swift in Sources */ = {isa = PBXBuildFile; fileRef = AFB0CF3A2BC77EC800D81ED3 /* GameView.swift */; };
		AFB38D752BC6351E008B7DC2 /* GetGround.swift in Sources */ = {isa = PBXBuildFile; fileRef = AFB38D742BC6351E008B7DC2 /* GetGround.swift */; };
		AFB38D772BC6355B008B7DC2 /* BYEFixtureView.swift in Sources */ = {isa = PBXBuildFile; fileRef = AFB38D762BC6355B008B7DC2 /* BYEFixtureView.swift */; };
		AFB38D792BC63595008B7DC2 /* DateBoxView.swift in Sources */ = {isa = PBXBuildFile; fileRef = AFB38D782BC63595008B7DC2 /* DateBoxView.swift */; };
		AFB38D7B2BC635E4008B7DC2 /* UpcomingFixtureView.swift in Sources */ = {isa = PBXBuildFile; fileRef = AFB38D7A2BC635E4008B7DC2 /* UpcomingFixtureView.swift */; };
		AFB38D7D2BC63613008B7DC2 /* GroundView.swift in Sources */ = {isa = PBXBuildFile; fileRef = AFB38D7C2BC63613008B7DC2 /* GroundView.swift */; };
		AFB38D7F2BC638AE008B7DC2 /* LadderItem.swift in Sources */ = {isa = PBXBuildFile; fileRef = AFB38D7E2BC638AE008B7DC2 /* LadderItem.swift */; };
		AFB38D812BC638CD008B7DC2 /* GetLadder.swift in Sources */ = {isa = PBXBuildFile; fileRef = AFB38D802BC638CD008B7DC2 /* GetLadder.swift */; };
		AFB38D852BC63934008B7DC2 /* DetailLadderHeaderView.swift in Sources */ = {isa = PBXBuildFile; fileRef = AFB38D842BC63934008B7DC2 /* DetailLadderHeaderView.swift */; };
		AFB38D872BC63973008B7DC2 /* DetailLadderView.swift in Sources */ = {isa = PBXBuildFile; fileRef = AFB38D862BC63973008B7DC2 /* DetailLadderView.swift */; };
		AFD5F4672BC651F200E655A0 /* GetRounds.swift in Sources */ = {isa = PBXBuildFile; fileRef = AFD5F4662BC651F200E655A0 /* GetRounds.swift */; };
		AFD5F4692BC6522D00E655A0 /* RoundSelectionView.swift in Sources */ = {isa = PBXBuildFile; fileRef = AFD5F4682BC6522D00E655A0 /* RoundSelectionView.swift */; };
		AFD5F46B2BC6525E00E655A0 /* RoundListView.swift in Sources */ = {isa = PBXBuildFile; fileRef = AFD5F46A2BC6525E00E655A0 /* RoundListView.swift */; };
		AFD5F46D2BC6529E00E655A0 /* GetRound.swift in Sources */ = {isa = PBXBuildFile; fileRef = AFD5F46C2BC6529E00E655A0 /* GetRound.swift */; };
/* End PBXBuildFile section */

/* Begin PBXFileReference section */
		AF03C90F2BC62267003E85F2 /* GetGame.swift */ = {isa = PBXFileReference; lastKnownFileType = sourcecode.swift; path = GetGame.swift; sourceTree = "<group>"; };
		AF03C9112BC6238D003E85F2 /* RoundSummaryView.swift */ = {isa = PBXFileReference; lastKnownFileType = sourcecode.swift; path = RoundSummaryView.swift; sourceTree = "<group>"; };
		AF03C9132BC6242D003E85F2 /* PlayersView.swift */ = {isa = PBXFileReference; lastKnownFileType = sourcecode.swift; path = PlayersView.swift; sourceTree = "<group>"; };
		AF03C9152BC6250F003E85F2 /* PlayerView.swift */ = {isa = PBXFileReference; lastKnownFileType = sourcecode.swift; path = PlayerView.swift; sourceTree = "<group>"; };
		AF044D3C2BC5133200CAA28B /* myHockey.app */ = {isa = PBXFileReference; explicitFileType = wrapper.application; includeInIndex = 0; path = myHockey.app; sourceTree = BUILT_PRODUCTS_DIR; };
		AF044D3F2BC5133200CAA28B /* myHockeyApp.swift */ = {isa = PBXFileReference; lastKnownFileType = sourcecode.swift; path = myHockeyApp.swift; sourceTree = "<group>"; };
		AF044D412BC5133200CAA28B /* ContentView.swift */ = {isa = PBXFileReference; lastKnownFileType = sourcecode.swift; path = ContentView.swift; sourceTree = "<group>"; };
		AF044D432BC5133300CAA28B /* Assets.xcassets */ = {isa = PBXFileReference; lastKnownFileType = folder.assetcatalog; path = Assets.xcassets; sourceTree = "<group>"; };
		AF044D462BC5133300CAA28B /* Preview Assets.xcassets */ = {isa = PBXFileReference; lastKnownFileType = folder.assetcatalog; path = "Preview Assets.xcassets"; sourceTree = "<group>"; };
		AF044D4F2BC5148C00CAA28B /* SharedData.swift */ = {isa = PBXFileReference; lastKnownFileType = sourcecode.swift; path = SharedData.swift; sourceTree = "<group>"; };
		AF044D512BC514C600CAA28B /* FixtureView.swift */ = {isa = PBXFileReference; lastKnownFileType = sourcecode.swift; path = FixtureView.swift; sourceTree = "<group>"; };
		AF044D532BC514DB00CAA28B /* LadderView.swift */ = {isa = PBXFileReference; lastKnownFileType = sourcecode.swift; path = LadderView.swift; sourceTree = "<group>"; };
		AF044D552BC514ED00CAA28B /* RoundView.swift */ = {isa = PBXFileReference; lastKnownFileType = sourcecode.swift; path = RoundView.swift; sourceTree = "<group>"; };
		AF044D572BC5150700CAA28B /* StatisticsView.swift */ = {isa = PBXFileReference; lastKnownFileType = sourcecode.swift; path = StatisticsView.swift; sourceTree = "<group>"; };
		AF044D592BC5151900CAA28B /* SetTeamView.swift */ = {isa = PBXFileReference; lastKnownFileType = sourcecode.swift; path = SetTeamView.swift; sourceTree = "<group>"; };
		AF044D5B2BC51D1D00CAA28B /* TeamsManager.swift */ = {isa = PBXFileReference; lastKnownFileType = sourcecode.swift; path = TeamsManager.swift; sourceTree = "<group>"; };
		AF044D5F2BC51D7100CAA28B /* CurrentTeamsView.swift */ = {isa = PBXFileReference; lastKnownFileType = sourcecode.swift; path = CurrentTeamsView.swift; sourceTree = "<group>"; };
		AF044D612BC51DA000CAA28B /* GetCompsView.swift */ = {isa = PBXFileReference; lastKnownFileType = sourcecode.swift; path = GetCompsView.swift; sourceTree = "<group>"; };
		AF044D632BC51DBF00CAA28B /* GetTeamsView.swift */ = {isa = PBXFileReference; lastKnownFileType = sourcecode.swift; path = GetTeamsView.swift; sourceTree = "<group>"; };
		AF044D662BC51DE500CAA28B /* GetComps.swift */ = {isa = PBXFileReference; lastKnownFileType = sourcecode.swift; path = GetComps.swift; sourceTree = "<group>"; };
		AF044D682BC51E0E00CAA28B /* GetURL.swift */ = {isa = PBXFileReference; lastKnownFileType = sourcecode.swift; path = GetURL.swift; sourceTree = "<group>"; };
		AF044D6A2BC51E4000CAA28B /* General.swift */ = {isa = PBXFileReference; lastKnownFileType = sourcecode.swift; path = General.swift; sourceTree = "<group>"; };
		AF38323D2BC52D5300F7E63B /* GetTeams.swift */ = {isa = PBXFileReference; lastKnownFileType = sourcecode.swift; path = GetTeams.swift; sourceTree = "<group>"; };
		AF38323F2BC52DCF00F7E63B /* Clubs.swift */ = {isa = PBXFileReference; lastKnownFileType = sourcecode.swift; path = Clubs.swift; sourceTree = "<group>"; };
		AF5B7D882BC69719003F6856 /* DetailHeaderStatsView.swift */ = {isa = PBXFileReference; lastKnownFileType = sourcecode.swift; path = DetailHeaderStatsView.swift; sourceTree = "<group>"; };
		AF5B7D8A2BC6983E003F6856 /* DetailStatsView.swift */ = {isa = PBXFileReference; lastKnownFileType = sourcecode.swift; path = DetailStatsView.swift; sourceTree = "<group>"; };
		AF5B7D8C2BC6987C003F6856 /* GetPlayerStats.swift */ = {isa = PBXFileReference; lastKnownFileType = sourcecode.swift; path = GetPlayerStats.swift; sourceTree = "<group>"; };
		AF5C71BD2BC5758700C824C9 /* Fixtures.swift */ = {isa = PBXFileReference; lastKnownFileType = sourcecode.swift; path = Fixtures.swift; sourceTree = "<group>"; };
		AF5C71BF2BC575C700C824C9 /* Rounds.swift */ = {isa = PBXFileReference; lastKnownFileType = sourcecode.swift; path = Rounds.swift; sourceTree = "<group>"; };
		AF5C71C12BC575F000C824C9 /* Players.swift */ = {isa = PBXFileReference; lastKnownFileType = sourcecode.swift; path = Players.swift; sourceTree = "<group>"; };
		AF5C71C32BC576A800C824C9 /* CenterTextView.swift */ = {isa = PBXFileReference; lastKnownFileType = sourcecode.swift; path = CenterTextView.swift; sourceTree = "<group>"; };
		AF5C71C52BC5771A00C824C9 /* GetFixtures.swift */ = {isa = PBXFileReference; lastKnownFileType = sourcecode.swift; path = GetFixtures.swift; sourceTree = "<group>"; };
		AF5C71C72BC5778000C824C9 /* FixtureSelectionView.swift */ = {isa = PBXFileReference; lastKnownFileType = sourcecode.swift; path = FixtureSelectionView.swift; sourceTree = "<group>"; };
		AF5C71C92BC5779200C824C9 /* FixtureListView.swift */ = {isa = PBXFileReference; lastKnownFileType = sourcecode.swift; path = FixtureListView.swift; sourceTree = "<group>"; };
		AFB0CF382BC77DC300D81ED3 /* NoGameView.swift */ = {isa = PBXFileReference; lastKnownFileType = sourcecode.swift; path = NoGameView.swift; sourceTree = "<group>"; };
		AFB0CF3A2BC77EC800D81ED3 /* GameView.swift */ = {isa = PBXFileReference; lastKnownFileType = sourcecode.swift; path = GameView.swift; sourceTree = "<group>"; };
		AFB38D742BC6351E008B7DC2 /* GetGround.swift */ = {isa = PBXFileReference; lastKnownFileType = sourcecode.swift; path = GetGround.swift; sourceTree = "<group>"; };
		AFB38D762BC6355B008B7DC2 /* BYEFixtureView.swift */ = {isa = PBXFileReference; lastKnownFileType = sourcecode.swift; path = BYEFixtureView.swift; sourceTree = "<group>"; };
		AFB38D782BC63595008B7DC2 /* DateBoxView.swift */ = {isa = PBXFileReference; lastKnownFileType = sourcecode.swift; path = DateBoxView.swift; sourceTree = "<group>"; };
		AFB38D7A2BC635E4008B7DC2 /* UpcomingFixtureView.swift */ = {isa = PBXFileReference; lastKnownFileType = sourcecode.swift; path = UpcomingFixtureView.swift; sourceTree = "<group>"; };
		AFB38D7C2BC63613008B7DC2 /* GroundView.swift */ = {isa = PBXFileReference; lastKnownFileType = sourcecode.swift; path = GroundView.swift; sourceTree = "<group>"; };
		AFB38D7E2BC638AE008B7DC2 /* LadderItem.swift */ = {isa = PBXFileReference; lastKnownFileType = sourcecode.swift; path = LadderItem.swift; sourceTree = "<group>"; };
		AFB38D802BC638CD008B7DC2 /* GetLadder.swift */ = {isa = PBXFileReference; lastKnownFileType = sourcecode.swift; path = GetLadder.swift; sourceTree = "<group>"; };
		AFB38D842BC63934008B7DC2 /* DetailLadderHeaderView.swift */ = {isa = PBXFileReference; lastKnownFileType = sourcecode.swift; path = DetailLadderHeaderView.swift; sourceTree = "<group>"; };
		AFB38D862BC63973008B7DC2 /* DetailLadderView.swift */ = {isa = PBXFileReference; lastKnownFileType = sourcecode.swift; path = DetailLadderView.swift; sourceTree = "<group>"; };
		AFD5F4662BC651F200E655A0 /* GetRounds.swift */ = {isa = PBXFileReference; lastKnownFileType = sourcecode.swift; path = GetRounds.swift; sourceTree = "<group>"; };
		AFD5F4682BC6522D00E655A0 /* RoundSelectionView.swift */ = {isa = PBXFileReference; lastKnownFileType = sourcecode.swift; path = RoundSelectionView.swift; sourceTree = "<group>"; };
		AFD5F46A2BC6525E00E655A0 /* RoundListView.swift */ = {isa = PBXFileReference; lastKnownFileType = sourcecode.swift; path = RoundListView.swift; sourceTree = "<group>"; };
		AFD5F46C2BC6529E00E655A0 /* GetRound.swift */ = {isa = PBXFileReference; lastKnownFileType = sourcecode.swift; path = GetRound.swift; sourceTree = "<group>"; };
/* End PBXFileReference section */

/* Begin PBXFrameworksBuildPhase section */
		AF044D392BC5133200CAA28B /* Frameworks */ = {
			isa = PBXFrameworksBuildPhase;
			buildActionMask = 2147483647;
			files = (
			);
			runOnlyForDeploymentPostprocessing = 0;
		};
/* End PBXFrameworksBuildPhase section */

/* Begin PBXGroup section */
		AF044D332BC5133200CAA28B = {
			isa = PBXGroup;
			children = (
				AF044D3E2BC5133200CAA28B /* myHockey */,
				AF044D3D2BC5133200CAA28B /* Products */,
			);
			sourceTree = "<group>";
		};
		AF044D3D2BC5133200CAA28B /* Products */ = {
			isa = PBXGroup;
			children = (
				AF044D3C2BC5133200CAA28B /* myHockey.app */,
			);
			name = Products;
			sourceTree = "<group>";
		};
		AF044D3E2BC5133200CAA28B /* myHockey */ = {
			isa = PBXGroup;
			children = (
				AF044D652BC51DD400CAA28B /* Scripts */,
				AF044D4E2BC5147400CAA28B /* Data */,
				AF044D4D2BC5146600CAA28B /* Views */,
				AF044D432BC5133300CAA28B /* Assets.xcassets */,
				AF044D452BC5133300CAA28B /* Preview Content */,
			);
			path = myHockey;
			sourceTree = "<group>";
		};
		AF044D452BC5133300CAA28B /* Preview Content */ = {
			isa = PBXGroup;
			children = (
				AF044D462BC5133300CAA28B /* Preview Assets.xcassets */,
			);
			path = "Preview Content";
			sourceTree = "<group>";
		};
		AF044D4D2BC5146600CAA28B /* Views */ = {
			isa = PBXGroup;
			children = (
				AF044D5E2BC51D5900CAA28B /* SubViews */,
				AF044D5D2BC51D4600CAA28B /* MainViews */,
			);
			path = Views;
			sourceTree = "<group>";
		};
		AF044D4E2BC5147400CAA28B /* Data */ = {
			isa = PBXGroup;
			children = (
				AF044D4F2BC5148C00CAA28B /* SharedData.swift */,
				AF044D5B2BC51D1D00CAA28B /* TeamsManager.swift */,
				AF38323F2BC52DCF00F7E63B /* Clubs.swift */,
				AF5C71BD2BC5758700C824C9 /* Fixtures.swift */,
				AF5C71BF2BC575C700C824C9 /* Rounds.swift */,
				AF5C71C12BC575F000C824C9 /* Players.swift */,
				AFB38D7E2BC638AE008B7DC2 /* LadderItem.swift */,
			);
			path = Data;
			sourceTree = "<group>";
		};
		AF044D5D2BC51D4600CAA28B /* MainViews */ = {
			isa = PBXGroup;
			children = (
				AF044D3F2BC5133200CAA28B /* myHockeyApp.swift */,
				AF044D412BC5133200CAA28B /* ContentView.swift */,
				AF044D512BC514C600CAA28B /* FixtureView.swift */,
				AF044D532BC514DB00CAA28B /* LadderView.swift */,
				AF044D552BC514ED00CAA28B /* RoundView.swift */,
				AF044D572BC5150700CAA28B /* StatisticsView.swift */,
				AF044D592BC5151900CAA28B /* SetTeamView.swift */,
			);
			path = MainViews;
			sourceTree = "<group>";
		};
		AF044D5E2BC51D5900CAA28B /* SubViews */ = {
			isa = PBXGroup;
			children = (
				AF044D5F2BC51D7100CAA28B /* CurrentTeamsView.swift */,
				AF044D612BC51DA000CAA28B /* GetCompsView.swift */,
				AF044D632BC51DBF00CAA28B /* GetTeamsView.swift */,
				AF5C71C32BC576A800C824C9 /* CenterTextView.swift */,
				AF5C71C72BC5778000C824C9 /* FixtureSelectionView.swift */,
				AF5C71C92BC5779200C824C9 /* FixtureListView.swift */,
				AF03C9112BC6238D003E85F2 /* RoundSummaryView.swift */,
				AF03C9132BC6242D003E85F2 /* PlayersView.swift */,
				AF03C9152BC6250F003E85F2 /* PlayerView.swift */,
				AFB38D762BC6355B008B7DC2 /* BYEFixtureView.swift */,
				AFB38D782BC63595008B7DC2 /* DateBoxView.swift */,
				AFB38D7A2BC635E4008B7DC2 /* UpcomingFixtureView.swift */,
				AFB38D7C2BC63613008B7DC2 /* GroundView.swift */,
				AFB38D842BC63934008B7DC2 /* DetailLadderHeaderView.swift */,
				AFB38D862BC63973008B7DC2 /* DetailLadderView.swift */,
				AFD5F4682BC6522D00E655A0 /* RoundSelectionView.swift */,
				AFD5F46A2BC6525E00E655A0 /* RoundListView.swift */,
				AF5B7D882BC69719003F6856 /* DetailHeaderStatsView.swift */,
				AF5B7D8A2BC6983E003F6856 /* DetailStatsView.swift */,
				AFB0CF382BC77DC300D81ED3 /* NoGameView.swift */,
				AFB0CF3A2BC77EC800D81ED3 /* GameView.swift */,
			);
			path = SubViews;
			sourceTree = "<group>";
		};
		AF044D652BC51DD400CAA28B /* Scripts */ = {
			isa = PBXGroup;
			children = (
				AF044D682BC51E0E00CAA28B /* GetURL.swift */,
				AF044D6A2BC51E4000CAA28B /* General.swift */,
				AF044D662BC51DE500CAA28B /* GetComps.swift */,
				AF38323D2BC52D5300F7E63B /* GetTeams.swift */,
				AF5C71C52BC5771A00C824C9 /* GetFixtures.swift */,
				AF03C90F2BC62267003E85F2 /* GetGame.swift */,
				AFB38D742BC6351E008B7DC2 /* GetGround.swift */,
				AFB38D802BC638CD008B7DC2 /* GetLadder.swift */,
				AFD5F4662BC651F200E655A0 /* GetRounds.swift */,
				AFD5F46C2BC6529E00E655A0 /* GetRound.swift */,
				AF5B7D8C2BC6987C003F6856 /* GetPlayerStats.swift */,
			);
			path = Scripts;
			sourceTree = "<group>";
		};
/* End PBXGroup section */

/* Begin PBXNativeTarget section */
		AF044D3B2BC5133200CAA28B /* myHockey */ = {
			isa = PBXNativeTarget;
			buildConfigurationList = AF044D4A2BC5133300CAA28B /* Build configuration list for PBXNativeTarget "myHockey" */;
			buildPhases = (
				AF044D382BC5133200CAA28B /* Sources */,
				AF044D392BC5133200CAA28B /* Frameworks */,
				AF044D3A2BC5133200CAA28B /* Resources */,
			);
			buildRules = (
			);
			dependencies = (
			);
			name = myHockey;
			productName = myHockey;
			productReference = AF044D3C2BC5133200CAA28B /* myHockey.app */;
			productType = "com.apple.product-type.application";
		};
/* End PBXNativeTarget section */

/* Begin PBXProject section */
		AF044D342BC5133200CAA28B /* Project object */ = {
			isa = PBXProject;
			attributes = {
				BuildIndependentTargetsInParallel = 1;
				LastSwiftUpdateCheck = 1530;
				LastUpgradeCheck = 1530;
				TargetAttributes = {
					AF044D3B2BC5133200CAA28B = {
						CreatedOnToolsVersion = 15.3;
					};
				};
			};
			buildConfigurationList = AF044D372BC5133200CAA28B /* Build configuration list for PBXProject "myHockey" */;
			compatibilityVersion = "Xcode 14.0";
			developmentRegion = en;
			hasScannedForEncodings = 0;
			knownRegions = (
				en,
				Base,
			);
			mainGroup = AF044D332BC5133200CAA28B;
			productRefGroup = AF044D3D2BC5133200CAA28B /* Products */;
			projectDirPath = "";
			projectRoot = "";
			targets = (
				AF044D3B2BC5133200CAA28B /* myHockey */,
			);
		};
/* End PBXProject section */

/* Begin PBXResourcesBuildPhase section */
		AF044D3A2BC5133200CAA28B /* Resources */ = {
			isa = PBXResourcesBuildPhase;
			buildActionMask = 2147483647;
			files = (
				AF044D472BC5133300CAA28B /* Preview Assets.xcassets in Resources */,
				AF044D442BC5133300CAA28B /* Assets.xcassets in Resources */,
			);
			runOnlyForDeploymentPostprocessing = 0;
		};
/* End PBXResourcesBuildPhase section */

/* Begin PBXSourcesBuildPhase section */
		AF044D382BC5133200CAA28B /* Sources */ = {
			isa = PBXSourcesBuildPhase;
			buildActionMask = 2147483647;
			files = (
				AF044D5C2BC51D1D00CAA28B /* TeamsManager.swift in Sources */,
				AF044D502BC5148C00CAA28B /* SharedData.swift in Sources */,
				AFD5F4692BC6522D00E655A0 /* RoundSelectionView.swift in Sources */,
				AF03C9142BC6242D003E85F2 /* PlayersView.swift in Sources */,
				AF044D672BC51DE500CAA28B /* GetComps.swift in Sources */,
				AFB38D792BC63595008B7DC2 /* DateBoxView.swift in Sources */,
				AF38323E2BC52D5300F7E63B /* GetTeams.swift in Sources */,
				AF5C71C62BC5771A00C824C9 /* GetFixtures.swift in Sources */,
				AFD5F4672BC651F200E655A0 /* GetRounds.swift in Sources */,
				AF044D562BC514ED00CAA28B /* RoundView.swift in Sources */,
				AF5C71BE2BC5758700C824C9 /* Fixtures.swift in Sources */,
				AF5C71C42BC576A800C824C9 /* CenterTextView.swift in Sources */,
				AFB0CF3B2BC77EC800D81ED3 /* GameView.swift in Sources */,
				AF044D602BC51D7100CAA28B /* CurrentTeamsView.swift in Sources */,
				AFB0CF392BC77DC300D81ED3 /* NoGameView.swift in Sources */,
				AF044D5A2BC5151900CAA28B /* SetTeamView.swift in Sources */,
				AF044D422BC5133200CAA28B /* ContentView.swift in Sources */,
				AFB38D752BC6351E008B7DC2 /* GetGround.swift in Sources */,
				AF044D582BC5150700CAA28B /* StatisticsView.swift in Sources */,
				AF044D542BC514DB00CAA28B /* LadderView.swift in Sources */,
				AF5B7D8B2BC6983E003F6856 /* DetailStatsView.swift in Sources */,
				AFB38D772BC6355B008B7DC2 /* BYEFixtureView.swift in Sources */,
				AF5C71C02BC575C700C824C9 /* Rounds.swift in Sources */,
				AF5B7D892BC69719003F6856 /* DetailHeaderStatsView.swift in Sources */,
				AF044D6B2BC51E4000CAA28B /* General.swift in Sources */,
				AF044D522BC514C600CAA28B /* FixtureView.swift in Sources */,
				AF03C9122BC6238D003E85F2 /* RoundSummaryView.swift in Sources */,
				AF3832402BC52DCF00F7E63B /* Clubs.swift in Sources */,
				AFD5F46D2BC6529E00E655A0 /* GetRound.swift in Sources */,
				AF5C71C82BC5778000C824C9 /* FixtureSelectionView.swift in Sources */,
				AFB38D872BC63973008B7DC2 /* DetailLadderView.swift in Sources */,
				AFB38D7D2BC63613008B7DC2 /* GroundView.swift in Sources */,
				AF044D402BC5133200CAA28B /* myHockeyApp.swift in Sources */,
				AFB38D7B2BC635E4008B7DC2 /* UpcomingFixtureView.swift in Sources */,
				AFD5F46B2BC6525E00E655A0 /* RoundListView.swift in Sources */,
				AFB38D7F2BC638AE008B7DC2 /* LadderItem.swift in Sources */,
				AF5C71C22BC575F000C824C9 /* Players.swift in Sources */,
				AF5B7D8D2BC6987C003F6856 /* GetPlayerStats.swift in Sources */,
				AF03C9102BC62267003E85F2 /* GetGame.swift in Sources */,
				AF03C9162BC6250F003E85F2 /* PlayerView.swift in Sources */,
				AFB38D852BC63934008B7DC2 /* DetailLadderHeaderView.swift in Sources */,
				AF044D642BC51DBF00CAA28B /* GetTeamsView.swift in Sources */,
				AF044D692BC51E0E00CAA28B /* GetURL.swift in Sources */,
				AFB38D812BC638CD008B7DC2 /* GetLadder.swift in Sources */,
				AF5C71CA2BC5779200C824C9 /* FixtureListView.swift in Sources */,
				AF044D622BC51DA000CAA28B /* GetCompsView.swift in Sources */,
			);
			runOnlyForDeploymentPostprocessing = 0;
		};
/* End PBXSourcesBuildPhase section */

/* Begin XCBuildConfiguration section */
		AF044D482BC5133300CAA28B /* Debug */ = {
			isa = XCBuildConfiguration;
			buildSettings = {
				ALWAYS_SEARCH_USER_PATHS = NO;
				ASSETCATALOG_COMPILER_GENERATE_SWIFT_ASSET_SYMBOL_EXTENSIONS = YES;
				CLANG_ANALYZER_NONNULL = YES;
				CLANG_ANALYZER_NUMBER_OBJECT_CONVERSION = YES_AGGRESSIVE;
				CLANG_CXX_LANGUAGE_STANDARD = "gnu++20";
				CLANG_ENABLE_MODULES = YES;
				CLANG_ENABLE_OBJC_ARC = YES;
				CLANG_ENABLE_OBJC_WEAK = YES;
				CLANG_WARN_BLOCK_CAPTURE_AUTORELEASING = YES;
				CLANG_WARN_BOOL_CONVERSION = YES;
				CLANG_WARN_COMMA = YES;
				CLANG_WARN_CONSTANT_CONVERSION = YES;
				CLANG_WARN_DEPRECATED_OBJC_IMPLEMENTATIONS = YES;
				CLANG_WARN_DIRECT_OBJC_ISA_USAGE = YES_ERROR;
				CLANG_WARN_DOCUMENTATION_COMMENTS = YES;
				CLANG_WARN_EMPTY_BODY = YES;
				CLANG_WARN_ENUM_CONVERSION = YES;
				CLANG_WARN_INFINITE_RECURSION = YES;
				CLANG_WARN_INT_CONVERSION = YES;
				CLANG_WARN_NON_LITERAL_NULL_CONVERSION = YES;
				CLANG_WARN_OBJC_IMPLICIT_RETAIN_SELF = YES;
				CLANG_WARN_OBJC_LITERAL_CONVERSION = YES;
				CLANG_WARN_OBJC_ROOT_CLASS = YES_ERROR;
				CLANG_WARN_QUOTED_INCLUDE_IN_FRAMEWORK_HEADER = YES;
				CLANG_WARN_RANGE_LOOP_ANALYSIS = YES;
				CLANG_WARN_STRICT_PROTOTYPES = YES;
				CLANG_WARN_SUSPICIOUS_MOVE = YES;
				CLANG_WARN_UNGUARDED_AVAILABILITY = YES_AGGRESSIVE;
				CLANG_WARN_UNREACHABLE_CODE = YES;
				CLANG_WARN__DUPLICATE_METHOD_MATCH = YES;
				COPY_PHASE_STRIP = NO;
				DEBUG_INFORMATION_FORMAT = dwarf;
				ENABLE_STRICT_OBJC_MSGSEND = YES;
				ENABLE_TESTABILITY = YES;
				ENABLE_USER_SCRIPT_SANDBOXING = YES;
				GCC_C_LANGUAGE_STANDARD = gnu17;
				GCC_DYNAMIC_NO_PIC = NO;
				GCC_NO_COMMON_BLOCKS = YES;
				GCC_OPTIMIZATION_LEVEL = 0;
				GCC_PREPROCESSOR_DEFINITIONS = (
					"DEBUG=1",
					"$(inherited)",
				);
				GCC_WARN_64_TO_32_BIT_CONVERSION = YES;
				GCC_WARN_ABOUT_RETURN_TYPE = YES_ERROR;
				GCC_WARN_UNDECLARED_SELECTOR = YES;
				GCC_WARN_UNINITIALIZED_AUTOS = YES_AGGRESSIVE;
				GCC_WARN_UNUSED_FUNCTION = YES;
				GCC_WARN_UNUSED_VARIABLE = YES;
				IPHONEOS_DEPLOYMENT_TARGET = 17.4;
				LOCALIZATION_PREFERS_STRING_CATALOGS = YES;
				MTL_ENABLE_DEBUG_INFO = INCLUDE_SOURCE;
				MTL_FAST_MATH = YES;
				ONLY_ACTIVE_ARCH = YES;
				SDKROOT = iphoneos;
				SWIFT_ACTIVE_COMPILATION_CONDITIONS = "DEBUG $(inherited)";
				SWIFT_OPTIMIZATION_LEVEL = "-Onone";
			};
			name = Debug;
		};
		AF044D492BC5133300CAA28B /* Release */ = {
			isa = XCBuildConfiguration;
			buildSettings = {
				ALWAYS_SEARCH_USER_PATHS = NO;
				ASSETCATALOG_COMPILER_GENERATE_SWIFT_ASSET_SYMBOL_EXTENSIONS = YES;
				CLANG_ANALYZER_NONNULL = YES;
				CLANG_ANALYZER_NUMBER_OBJECT_CONVERSION = YES_AGGRESSIVE;
				CLANG_CXX_LANGUAGE_STANDARD = "gnu++20";
				CLANG_ENABLE_MODULES = YES;
				CLANG_ENABLE_OBJC_ARC = YES;
				CLANG_ENABLE_OBJC_WEAK = YES;
				CLANG_WARN_BLOCK_CAPTURE_AUTORELEASING = YES;
				CLANG_WARN_BOOL_CONVERSION = YES;
				CLANG_WARN_COMMA = YES;
				CLANG_WARN_CONSTANT_CONVERSION = YES;
				CLANG_WARN_DEPRECATED_OBJC_IMPLEMENTATIONS = YES;
				CLANG_WARN_DIRECT_OBJC_ISA_USAGE = YES_ERROR;
				CLANG_WARN_DOCUMENTATION_COMMENTS = YES;
				CLANG_WARN_EMPTY_BODY = YES;
				CLANG_WARN_ENUM_CONVERSION = YES;
				CLANG_WARN_INFINITE_RECURSION = YES;
				CLANG_WARN_INT_CONVERSION = YES;
				CLANG_WARN_NON_LITERAL_NULL_CONVERSION = YES;
				CLANG_WARN_OBJC_IMPLICIT_RETAIN_SELF = YES;
				CLANG_WARN_OBJC_LITERAL_CONVERSION = YES;
				CLANG_WARN_OBJC_ROOT_CLASS = YES_ERROR;
				CLANG_WARN_QUOTED_INCLUDE_IN_FRAMEWORK_HEADER = YES;
				CLANG_WARN_RANGE_LOOP_ANALYSIS = YES;
				CLANG_WARN_STRICT_PROTOTYPES = YES;
				CLANG_WARN_SUSPICIOUS_MOVE = YES;
				CLANG_WARN_UNGUARDED_AVAILABILITY = YES_AGGRESSIVE;
				CLANG_WARN_UNREACHABLE_CODE = YES;
				CLANG_WARN__DUPLICATE_METHOD_MATCH = YES;
				COPY_PHASE_STRIP = NO;
				DEBUG_INFORMATION_FORMAT = "dwarf-with-dsym";
				ENABLE_NS_ASSERTIONS = NO;
				ENABLE_STRICT_OBJC_MSGSEND = YES;
				ENABLE_USER_SCRIPT_SANDBOXING = YES;
				GCC_C_LANGUAGE_STANDARD = gnu17;
				GCC_NO_COMMON_BLOCKS = YES;
				GCC_WARN_64_TO_32_BIT_CONVERSION = YES;
				GCC_WARN_ABOUT_RETURN_TYPE = YES_ERROR;
				GCC_WARN_UNDECLARED_SELECTOR = YES;
				GCC_WARN_UNINITIALIZED_AUTOS = YES_AGGRESSIVE;
				GCC_WARN_UNUSED_FUNCTION = YES;
				GCC_WARN_UNUSED_VARIABLE = YES;
				IPHONEOS_DEPLOYMENT_TARGET = 17.4;
				LOCALIZATION_PREFERS_STRING_CATALOGS = YES;
				MTL_ENABLE_DEBUG_INFO = NO;
				MTL_FAST_MATH = YES;
				SDKROOT = iphoneos;
				SWIFT_COMPILATION_MODE = wholemodule;
				VALIDATE_PRODUCT = YES;
			};
			name = Release;
		};
		AF044D4B2BC5133300CAA28B /* Debug */ = {
			isa = XCBuildConfiguration;
			buildSettings = {
				ASSETCATALOG_COMPILER_APPICON_NAME = AppIcon;
				ASSETCATALOG_COMPILER_GLOBAL_ACCENT_COLOR_NAME = AccentColor;
				CODE_SIGN_STYLE = Automatic;
				CURRENT_PROJECT_VERSION = 1;
				DEVELOPMENT_ASSET_PATHS = "\"myHockey/Preview Content\"";
				DEVELOPMENT_TEAM = 4W572TG7MY;
				ENABLE_PREVIEWS = YES;
				GENERATE_INFOPLIST_FILE = YES;
				INFOPLIST_KEY_UIApplicationSceneManifest_Generation = YES;
				INFOPLIST_KEY_UIApplicationSupportsIndirectInputEvents = YES;
				INFOPLIST_KEY_UILaunchScreen_Generation = YES;
				INFOPLIST_KEY_UISupportedInterfaceOrientations = UIInterfaceOrientationPortrait;
				INFOPLIST_KEY_UISupportedInterfaceOrientations_iPad = "UIInterfaceOrientationLandscapeLeft UIInterfaceOrientationLandscapeRight UIInterfaceOrientationPortrait UIInterfaceOrientationPortraitUpsideDown";
				IPHONEOS_DEPLOYMENT_TARGET = 17.0;
				LD_RUNPATH_SEARCH_PATHS = (
					"$(inherited)",
					"@executable_path/Frameworks",
				);
				MARKETING_VERSION = 1.0;
				PRODUCT_BUNDLE_IDENTIFIER = com.brettmoxey.myHockey;
				PRODUCT_NAME = "$(TARGET_NAME)";
				SUPPORTED_PLATFORMS = "iphoneos iphonesimulator";
				SUPPORTS_MACCATALYST = NO;
				SUPPORTS_MAC_DESIGNED_FOR_IPHONE_IPAD = NO;
				SUPPORTS_XR_DESIGNED_FOR_IPHONE_IPAD = NO;
				SWIFT_EMIT_LOC_STRINGS = YES;
				SWIFT_VERSION = 5.0;
				TARGETED_DEVICE_FAMILY = 1;
			};
			name = Debug;
		};
		AF044D4C2BC5133300CAA28B /* Release */ = {
			isa = XCBuildConfiguration;
			buildSettings = {
				ASSETCATALOG_COMPILER_APPICON_NAME = AppIcon;
				ASSETCATALOG_COMPILER_GLOBAL_ACCENT_COLOR_NAME = AccentColor;
				CODE_SIGN_STYLE = Automatic;
				CURRENT_PROJECT_VERSION = 1;
				DEVELOPMENT_ASSET_PATHS = "\"myHockey/Preview Content\"";
				DEVELOPMENT_TEAM = 4W572TG7MY;
				ENABLE_PREVIEWS = YES;
				GENERATE_INFOPLIST_FILE = YES;
				INFOPLIST_KEY_UIApplicationSceneManifest_Generation = YES;
				INFOPLIST_KEY_UIApplicationSupportsIndirectInputEvents = YES;
				INFOPLIST_KEY_UILaunchScreen_Generation = YES;
				INFOPLIST_KEY_UISupportedInterfaceOrientations = UIInterfaceOrientationPortrait;
				INFOPLIST_KEY_UISupportedInterfaceOrientations_iPad = "UIInterfaceOrientationLandscapeLeft UIInterfaceOrientationLandscapeRight UIInterfaceOrientationPortrait UIInterfaceOrientationPortraitUpsideDown";
				IPHONEOS_DEPLOYMENT_TARGET = 17.0;
				LD_RUNPATH_SEARCH_PATHS = (
					"$(inherited)",
					"@executable_path/Frameworks",
				);
				MARKETING_VERSION = 1.0;
				PRODUCT_BUNDLE_IDENTIFIER = com.brettmoxey.myHockey;
				PRODUCT_NAME = "$(TARGET_NAME)";
				SUPPORTED_PLATFORMS = "iphoneos iphonesimulator";
				SUPPORTS_MACCATALYST = NO;
				SUPPORTS_MAC_DESIGNED_FOR_IPHONE_IPAD = NO;
				SUPPORTS_XR_DESIGNED_FOR_IPHONE_IPAD = NO;
				SWIFT_EMIT_LOC_STRINGS = YES;
				SWIFT_VERSION = 5.0;
				TARGETED_DEVICE_FAMILY = 1;
			};
			name = Release;
		};
/* End XCBuildConfiguration section */

/* Begin XCConfigurationList section */
		AF044D372BC5133200CAA28B /* Build configuration list for PBXProject "myHockey" */ = {
			isa = XCConfigurationList;
			buildConfigurations = (
				AF044D482BC5133300CAA28B /* Debug */,
				AF044D492BC5133300CAA28B /* Release */,
			);
			defaultConfigurationIsVisible = 0;
			defaultConfigurationName = Release;
		};
		AF044D4A2BC5133300CAA28B /* Build configuration list for PBXNativeTarget "myHockey" */ = {
			isa = XCConfigurationList;
			buildConfigurations = (
				AF044D4B2BC5133300CAA28B /* Debug */,
				AF044D4C2BC5133300CAA28B /* Release */,
			);
			defaultConfigurationIsVisible = 0;
			defaultConfigurationName = Release;
		};
/* End XCConfigurationList section */
	};
	rootObject = AF044D342BC5133200CAA28B /* Project object */;
}
